
Microsoft Visual Studio Solution File, Format Version 12.00
# Visual Studio Version 17
VisualStudioVersion = 17.9.34622.214
MinimumVisualStudioVersion = 10.0.40219.1
Project("{9A19103F-16F7-4668-BE54-9A1E7A4F7556}") = "APIGateway", "APIGateway\APIGateway.csproj", "{A40F4997-5C54-4F97-8B1E-2C3793DEB090}"
EndProject
Project("{9A19103F-16F7-4668-BE54-9A1E7A4F7556}") = "Backend", "Backend\Backend.csproj", "{8BEADF5E-D8E1-42F2-A3A9-5C70F662D774}"
EndProject
Project("{9A19103F-16F7-4668-BE54-9A1E7A4F7556}") = "WebApplication1", "WebApplication1\WebApplication1.csproj", "{3D6CCC50-90E3-4BF8-9DBC-00669401C7AD}"
EndProject
Project("{FAE04EC0-301F-11D3-BF4B-00C04F79EFBC}") = "AuthenticationService", "AuthenticationService\AuthenticationService.csproj", "{76A6AB2A-9983-4577-B93D-0234DE9C51E6}"
EndProject
Global
	GlobalSection(SolutionConfigurationPlatforms) = preSolution
		Debug|Any CPU = Debug|Any CPU
		Release|Any CPU = Release|Any CPU
	EndGlobalSection
	GlobalSection(ProjectConfigurationPlatforms) = postSolution
		{A40F4997-5C54-4F97-8B1E-2C3793DEB090}.Debug|Any CPU.ActiveCfg = Debug|Any CPU
		{A40F4997-5C54-4F97-8B1E-2C3793DEB090}.Debug|Any CPU.Build.0 = Debug|Any CPU
		{A40F4997-5C54-4F97-8B1E-2C3793DEB090}.Release|Any CPU.ActiveCfg = Release|Any CPU
		{A40F4997-5C54-4F97-8B1E-2C3793DEB090}.Release|Any CPU.Build.0 = Release|Any CPU
		{8BEADF5E-D8E1-42F2-A3A9-5C70F662D774}.Debug|Any CPU.ActiveCfg = Debug|Any CPU
		{8BEADF5E-D8E1-42F2-A3A9-5C70F662D774}.Debug|Any CPU.Build.0 = Debug|Any CPU
		{8BEADF5E-D8E1-42F2-A3A9-5C70F662D774}.Release|Any CPU.ActiveCfg = Release|Any CPU
		{8BEADF5E-D8E1-42F2-A3A9-5C70F662D774}.Release|Any CPU.Build.0 = Release|Any CPU
		{3D6CCC50-90E3-4BF8-9DBC-00669401C7AD}.Debug|Any CPU.ActiveCfg = Debug|Any CPU
		{3D6CCC50-90E3-4BF8-9DBC-00669401C7AD}.Debug|Any CPU.Build.0 = Debug|Any CPU
		{3D6CCC50-90E3-4BF8-9DBC-00669401C7AD}.Release|Any CPU.ActiveCfg = Release|Any CPU
		{3D6CCC50-90E3-4BF8-9DBC-00669401C7AD}.Release|Any CPU.Build.0 = Release|Any CPU
		{76A6AB2A-9983-4577-B93D-0234DE9C51E6}.Debug|Any CPU.ActiveCfg = Debug|Any CPU
		{76A6AB2A-9983-4577-B93D-0234DE9C51E6}.Debug|Any CPU.Build.0 = Debug|Any CPU
		{76A6AB2A-9983-4577-B93D-0234DE9C51E6}.Release|Any CPU.ActiveCfg = Release|Any CPU
		{76A6AB2A-9983-4577-B93D-0234DE9C51E6}.Release|Any CPU.Build.0 = Release|Any CPU
	EndGlobalSection
	GlobalSection(SolutionProperties) = preSolution
		HideSolutionNode = FALSE
	EndGlobalSection
	GlobalSection(ExtensibilityGlobals) = postSolution
		SolutionGuid = {ACE5C0CE-F100-4E29-812C-65229B30DDC7}
	EndGlobalSection
EndGlobal
